
Microsoft Visual Studio Solution File, Format Version 12.00
# Visual Studio 14
VisualStudioVersion = 14.0.25420.1
MinimumVisualStudioVersion = 10.0.40219.1
Project("{FAE04EC0-301F-11D3-BF4B-00C04F79EFBC}") = "DreamMaker.Web", "DreamMaker.Web\DreamMaker.Web.csproj", "{92573F29-4285-4583-B45E-7C219795706D}"
EndProject
Project("{FAE04EC0-301F-11D3-BF4B-00C04F79EFBC}") = "DreamMaker.Domain", "DreamMaker.Domain\DreamMaker.Domain.csproj", "{B38DF4E0-5542-40CD-9836-D16A29245B17}"
EndProject
Global
	GlobalSection(SolutionConfigurationPlatforms) = preSolution
		Debug|Any CPU = Debug|Any CPU
		Release|Any CPU = Release|Any CPU
	EndGlobalSection
	GlobalSection(ProjectConfigurationPlatforms) = postSolution
		{92573F29-4285-4583-B45E-7C219795706D}.Debug|Any CPU.ActiveCfg = Debug|Any CPU
		{92573F29-4285-4583-B45E-7C219795706D}.Debug|Any CPU.Build.0 = Debug|Any CPU
		{92573F29-4285-4583-B45E-7C219795706D}.Release|Any CPU.ActiveCfg = Release|Any CPU
		{92573F29-4285-4583-B45E-7C219795706D}.Release|Any CPU.Build.0 = Release|Any CPU
		{B38DF4E0-5542-40CD-9836-D16A29245B17}.Debug|Any CPU.ActiveCfg = Debug|Any CPU
		{B38DF4E0-5542-40CD-9836-D16A29245B17}.Debug|Any CPU.Build.0 = Debug|Any CPU
		{B38DF4E0-5542-40CD-9836-D16A29245B17}.Release|Any CPU.ActiveCfg = Release|Any CPU
		{B38DF4E0-5542-40CD-9836-D16A29245B17}.Release|Any CPU.Build.0 = Release|Any CPU
	EndGlobalSection
	GlobalSection(SolutionProperties) = preSolution
		HideSolutionNode = FALSE
	EndGlobalSection
EndGlobal
